
Microsoft Visual Studio Solution File, Format Version 12.00
# Visual Studio 15
VisualStudioVersion = 15.0.27703.2042
MinimumVisualStudioVersion = 10.0.40219.1
Project("{FAE04EC0-301F-11D3-BF4B-00C04F79EFBC}") = "Gamefication", "Gamefication\Gamefication.csproj", "{43416FCC-7D43-40A0-954E-760800DCE049}"
EndProject
Global
	GlobalSection(SolutionConfigurationPlatforms) = preSolution
		Debug|Any CPU = Debug|Any CPU
		Release|Any CPU = Release|Any CPU
	EndGlobalSection
	GlobalSection(ProjectConfigurationPlatforms) = postSolution
		{43416FCC-7D43-40A0-954E-760800DCE049}.Debug|Any CPU.ActiveCfg = Debug|Any CPU
		{43416FCC-7D43-40A0-954E-760800DCE049}.Debug|Any CPU.Build.0 = Debug|Any CPU
		{43416FCC-7D43-40A0-954E-760800DCE049}.Release|Any CPU.ActiveCfg = Release|Any CPU
		{43416FCC-7D43-40A0-954E-760800DCE049}.Release|Any CPU.Build.0 = Release|Any CPU
	EndGlobalSection
	GlobalSection(SolutionProperties) = preSolution
		HideSolutionNode = FALSE
	EndGlobalSection
	GlobalSection(ExtensibilityGlobals) = postSolution
		SolutionGuid = {1E65DBAE-CE9D-4DE8-A62A-D7337C416011}
	EndGlobalSection
EndGlobal
